
Microsoft Visual Studio Solution File, Format Version 12.00
# Visual Studio Version 16
VisualStudioVersion = 16.0.32106.194
MinimumVisualStudioVersion = 10.0.40219.1
Project("{FAE04EC0-301F-11D3-BF4B-00C04F79EFBC}") = "Best_Beauty", "Best_Beauty.csproj", "{4350853E-FEAA-4489-843D-624228D7FCD1}"
EndProject
Global
	GlobalSection(SolutionConfigurationPlatforms) = preSolution
		Debug|Any CPU = Debug|Any CPU
		Release|Any CPU = Release|Any CPU
	EndGlobalSection
	GlobalSection(ProjectConfigurationPlatforms) = postSolution
		{4350853E-FEAA-4489-843D-624228D7FCD1}.Debug|Any CPU.ActiveCfg = Debug|Any CPU
		{4350853E-FEAA-4489-843D-624228D7FCD1}.Debug|Any CPU.Build.0 = Debug|Any CPU
		{4350853E-FEAA-4489-843D-624228D7FCD1}.Release|Any CPU.ActiveCfg = Release|Any CPU
		{4350853E-FEAA-4489-843D-624228D7FCD1}.Release|Any CPU.Build.0 = Release|Any CPU
	EndGlobalSection
	GlobalSection(SolutionProperties) = preSolution
		HideSolutionNode = FALSE
	EndGlobalSection
	GlobalSection(ExtensibilityGlobals) = postSolution
		SolutionGuid = {DC2AD5D9-E119-4B62-846D-2D865893A723}
	EndGlobalSection
EndGlobal
